
Microsoft Visual Studio Solution File, Format Version 12.00
# Visual Studio Version 16
VisualStudioVersion = 16.0.31410.357
MinimumVisualStudioVersion = 10.0.40219.1
Project("{FAE04EC0-301F-11D3-BF4B-00C04F79EFBC}") = "TransmissionBlockMod-Besiege", "TransmissionBlockMod-Besiege\TransmissionBlockMod-Besiege.csproj", "{0E253CCA-23EB-4E46-808A-0AEF1A2ED30E}"
EndProject
Global
	GlobalSection(SolutionConfigurationPlatforms) = preSolution
		COM|Any CPU = COM|Any CPU
		Debug|Any CPU = Debug|Any CPU
		Release|Any CPU = Release|Any CPU
	EndGlobalSection
	GlobalSection(ProjectConfigurationPlatforms) = postSolution
		{0E253CCA-23EB-4E46-808A-0AEF1A2ED30E}.COM|Any CPU.ActiveCfg = COM|Any CPU
		{0E253CCA-23EB-4E46-808A-0AEF1A2ED30E}.COM|Any CPU.Build.0 = COM|Any CPU
		{0E253CCA-23EB-4E46-808A-0AEF1A2ED30E}.Debug|Any CPU.ActiveCfg = Debug|Any CPU
		{0E253CCA-23EB-4E46-808A-0AEF1A2ED30E}.Debug|Any CPU.Build.0 = Debug|Any CPU
		{0E253CCA-23EB-4E46-808A-0AEF1A2ED30E}.Release|Any CPU.ActiveCfg = Release|Any CPU
		{0E253CCA-23EB-4E46-808A-0AEF1A2ED30E}.Release|Any CPU.Build.0 = Release|Any CPU
	EndGlobalSection
	GlobalSection(SolutionProperties) = preSolution
		HideSolutionNode = FALSE
	EndGlobalSection
	GlobalSection(ExtensibilityGlobals) = postSolution
		SolutionGuid = {6DCEF26B-026D-4150-B48A-49F24184605F}
	EndGlobalSection
EndGlobal
